
Microsoft Visual Studio Solution File, Format Version 12.00
# Visual Studio 15
VisualStudioVersion = 15.0.26403.7
MinimumVisualStudioVersion = 10.0.40219.1
Project("{FAE04EC0-301F-11D3-BF4B-00C04F79EFBC}") = "VoteAnalyzer.WebApi", "VoteAnalyzer.WebApi\VoteAnalyzer.WebApi.csproj", "{6B62249C-CE9F-4A72-87F3-9BA263469110}"
EndProject
Project("{2150E333-8FDC-42A3-9474-1A3956D46DE8}") = "VoteAnalyzer.Tests", "VoteAnalyzer.Tests", "{BA5F6690-95F1-43FB-AF6E-634F43E5F931}"
EndProject
Project("{FAE04EC0-301F-11D3-BF4B-00C04F79EFBC}") = "VoteAnalyzer.Parser", "VoteAnalyzer.Parser\VoteAnalyzer.Parser.csproj", "{26A22B40-DB04-4222-8C3B-804E239DBC85}"
EndProject
Project("{FAE04EC0-301F-11D3-BF4B-00C04F79EFBC}") = "VoteAnalyzer.DataAccessLayer", "VoteAnalyzer.DataAccessLayer\VoteAnalyzer.DataAccessLayer.csproj", "{34468D5F-870A-4D6D-A96A-1E86467AC82C}"
EndProject
Project("{FAE04EC0-301F-11D3-BF4B-00C04F79EFBC}") = "VoteAnalyzer.DataAccessLayer.Tests", "VoteAnalyzer.DataAccessLayer.Tests\VoteAnalyzer.DataAccessLayer.Tests.csproj", "{44AEFC01-D147-405A-A6C4-B3EF51EC24B9}"
EndProject
Project("{FAE04EC0-301F-11D3-BF4B-00C04F79EFBC}") = "VoteAnalyzer.Common", "VoteAnalyzer.Common\VoteAnalyzer.Common.csproj", "{D59229E6-D67C-4FCD-90A2-EF58401D7895}"
EndProject
Project("{FAE04EC0-301F-11D3-BF4B-00C04F79EFBC}") = "VoteAnalyzer.Common.Tests", "VoteAnalyzer.Common.Tests\VoteAnalyzer.Common.Tests.csproj", "{698F535D-DDDE-4168-B61C-CCE3C972D8BE}"
EndProject
Project("{FAE04EC0-301F-11D3-BF4B-00C04F79EFBC}") = "VoteAnalyzer.Parser.Tests", "VoteAnalyzer.Parser.Tests\VoteAnalyzer.Parser.Tests.csproj", "{0B02A2B6-1CD5-4762-9DA2-AEB4335251A8}"
EndProject
Project("{FAE04EC0-301F-11D3-BF4B-00C04F79EFBC}") = "VoteAnalyzer.Services", "VoteAnalyzer.Services\VoteAnalyzer.Services.csproj", "{8A8E4BCC-C900-40AB-8BF2-E571AC76F140}"
EndProject
Project("{FAE04EC0-301F-11D3-BF4B-00C04F79EFBC}") = "VoteAnalyzer.PdfIntegration", "VoteAnalyzer.PdfIntegration\VoteAnalyzer.PdfIntegration.csproj", "{9CFD20AC-564E-48E6-88BE-087C55221DF4}"
EndProject
Project("{FAE04EC0-301F-11D3-BF4B-00C04F79EFBC}") = "VoteAnalyzer.PdfIntegration.Tests", "VoteAnalyzer.PdfIntegration.Tests\VoteAnalyzer.PdfIntegration.Tests.csproj", "{B6D04655-B6A3-4621-93E5-560371279A41}"
EndProject
Global
	GlobalSection(SolutionConfigurationPlatforms) = preSolution
		Debug|Any CPU = Debug|Any CPU
		Release|Any CPU = Release|Any CPU
	EndGlobalSection
	GlobalSection(ProjectConfigurationPlatforms) = postSolution
		{6B62249C-CE9F-4A72-87F3-9BA263469110}.Debug|Any CPU.ActiveCfg = Debug|Any CPU
		{6B62249C-CE9F-4A72-87F3-9BA263469110}.Debug|Any CPU.Build.0 = Debug|Any CPU
		{6B62249C-CE9F-4A72-87F3-9BA263469110}.Release|Any CPU.ActiveCfg = Release|Any CPU
		{6B62249C-CE9F-4A72-87F3-9BA263469110}.Release|Any CPU.Build.0 = Release|Any CPU
		{26A22B40-DB04-4222-8C3B-804E239DBC85}.Debug|Any CPU.ActiveCfg = Debug|Any CPU
		{26A22B40-DB04-4222-8C3B-804E239DBC85}.Debug|Any CPU.Build.0 = Debug|Any CPU
		{26A22B40-DB04-4222-8C3B-804E239DBC85}.Release|Any CPU.ActiveCfg = Release|Any CPU
		{26A22B40-DB04-4222-8C3B-804E239DBC85}.Release|Any CPU.Build.0 = Release|Any CPU
		{34468D5F-870A-4D6D-A96A-1E86467AC82C}.Debug|Any CPU.ActiveCfg = Debug|Any CPU
		{34468D5F-870A-4D6D-A96A-1E86467AC82C}.Debug|Any CPU.Build.0 = Debug|Any CPU
		{34468D5F-870A-4D6D-A96A-1E86467AC82C}.Release|Any CPU.ActiveCfg = Release|Any CPU
		{34468D5F-870A-4D6D-A96A-1E86467AC82C}.Release|Any CPU.Build.0 = Release|Any CPU
		{44AEFC01-D147-405A-A6C4-B3EF51EC24B9}.Debug|Any CPU.ActiveCfg = Debug|Any CPU
		{44AEFC01-D147-405A-A6C4-B3EF51EC24B9}.Debug|Any CPU.Build.0 = Debug|Any CPU
		{44AEFC01-D147-405A-A6C4-B3EF51EC24B9}.Release|Any CPU.ActiveCfg = Release|Any CPU
		{44AEFC01-D147-405A-A6C4-B3EF51EC24B9}.Release|Any CPU.Build.0 = Release|Any CPU
		{D59229E6-D67C-4FCD-90A2-EF58401D7895}.Debug|Any CPU.ActiveCfg = Debug|Any CPU
		{D59229E6-D67C-4FCD-90A2-EF58401D7895}.Debug|Any CPU.Build.0 = Debug|Any CPU
		{D59229E6-D67C-4FCD-90A2-EF58401D7895}.Release|Any CPU.ActiveCfg = Release|Any CPU
		{D59229E6-D67C-4FCD-90A2-EF58401D7895}.Release|Any CPU.Build.0 = Release|Any CPU
		{698F535D-DDDE-4168-B61C-CCE3C972D8BE}.Debug|Any CPU.ActiveCfg = Debug|Any CPU
		{698F535D-DDDE-4168-B61C-CCE3C972D8BE}.Debug|Any CPU.Build.0 = Debug|Any CPU
		{698F535D-DDDE-4168-B61C-CCE3C972D8BE}.Release|Any CPU.ActiveCfg = Release|Any CPU
		{698F535D-DDDE-4168-B61C-CCE3C972D8BE}.Release|Any CPU.Build.0 = Release|Any CPU
		{0B02A2B6-1CD5-4762-9DA2-AEB4335251A8}.Debug|Any CPU.ActiveCfg = Debug|Any CPU
		{0B02A2B6-1CD5-4762-9DA2-AEB4335251A8}.Debug|Any CPU.Build.0 = Debug|Any CPU
		{0B02A2B6-1CD5-4762-9DA2-AEB4335251A8}.Release|Any CPU.ActiveCfg = Release|Any CPU
		{0B02A2B6-1CD5-4762-9DA2-AEB4335251A8}.Release|Any CPU.Build.0 = Release|Any CPU
		{8A8E4BCC-C900-40AB-8BF2-E571AC76F140}.Debug|Any CPU.ActiveCfg = Debug|Any CPU
		{8A8E4BCC-C900-40AB-8BF2-E571AC76F140}.Debug|Any CPU.Build.0 = Debug|Any CPU
		{8A8E4BCC-C900-40AB-8BF2-E571AC76F140}.Release|Any CPU.ActiveCfg = Release|Any CPU
		{8A8E4BCC-C900-40AB-8BF2-E571AC76F140}.Release|Any CPU.Build.0 = Release|Any CPU
		{9CFD20AC-564E-48E6-88BE-087C55221DF4}.Debug|Any CPU.ActiveCfg = Debug|Any CPU
		{9CFD20AC-564E-48E6-88BE-087C55221DF4}.Debug|Any CPU.Build.0 = Debug|Any CPU
		{9CFD20AC-564E-48E6-88BE-087C55221DF4}.Release|Any CPU.ActiveCfg = Release|Any CPU
		{9CFD20AC-564E-48E6-88BE-087C55221DF4}.Release|Any CPU.Build.0 = Release|Any CPU
		{B6D04655-B6A3-4621-93E5-560371279A41}.Debug|Any CPU.ActiveCfg = Debug|Any CPU
		{B6D04655-B6A3-4621-93E5-560371279A41}.Debug|Any CPU.Build.0 = Debug|Any CPU
		{B6D04655-B6A3-4621-93E5-560371279A41}.Release|Any CPU.ActiveCfg = Release|Any CPU
		{B6D04655-B6A3-4621-93E5-560371279A41}.Release|Any CPU.Build.0 = Release|Any CPU
	EndGlobalSection
	GlobalSection(SolutionProperties) = preSolution
		HideSolutionNode = FALSE
	EndGlobalSection
	GlobalSection(NestedProjects) = preSolution
		{44AEFC01-D147-405A-A6C4-B3EF51EC24B9} = {BA5F6690-95F1-43FB-AF6E-634F43E5F931}
		{698F535D-DDDE-4168-B61C-CCE3C972D8BE} = {BA5F6690-95F1-43FB-AF6E-634F43E5F931}
		{0B02A2B6-1CD5-4762-9DA2-AEB4335251A8} = {BA5F6690-95F1-43FB-AF6E-634F43E5F931}
		{B6D04655-B6A3-4621-93E5-560371279A41} = {BA5F6690-95F1-43FB-AF6E-634F43E5F931}
	EndGlobalSection
EndGlobal
